{
  "name": "yjs-demos-prosemirror",
  "version": "1.0.0",
  "lockfileVersion": 1,
  "requires": true,
  "dependencies": {
    "codemirror": {
      "version": "5.50.0",
      "resolved": "https://registry.npmjs.org/codemirror/-/codemirror-5.50.0.tgz",
      "integrity": "sha512-32LAmGcBNhKtJP4WGgkcaCVQDyChAyaWA6jasg778ziZzo3PWBuhpAQIJMO8//Id45RoaLyXjuhcRUBoS8Vg+Q=="
    },
    "y-codemirror": {
      "version": "1.0.3",
      "resolved": "https://registry.npmjs.org/y-codemirror/-/y-codemirror-1.0.3.tgz",
      "integrity": "sha512-hzVIuLac1N09g4p3YY3BQIbycH2ffyOZeKt1J29J2KP+ltVAJuaAfINSme3+OYZJcbXAb6emnHD/TZ6wcHEkbA=="
    }
  }
}
